
Microsoft Visual Studio Solution File, Format Version 12.00
# Visual Studio Version 17
VisualStudioVersion = 17.5.002.0
MinimumVisualStudioVersion = 10.0.40219.1
Project("{9A19103F-16F7-4668-BE54-9A1E7A4F7556}") = "DesignPatternWithCSharp", "DesignPatternWithCSharp.csproj", "{DB2B1100-66B9-44CD-869D-7C6135DAF62C}"
EndProject
Global
	GlobalSection(SolutionConfigurationPlatforms) = preSolution
		Debug|Any CPU = Debug|Any CPU
		Release|Any CPU = Release|Any CPU
	EndGlobalSection
	GlobalSection(ProjectConfigurationPlatforms) = postSolution
		{DB2B1100-66B9-44CD-869D-7C6135DAF62C}.Debug|Any CPU.ActiveCfg = Debug|Any CPU
		{DB2B1100-66B9-44CD-869D-7C6135DAF62C}.Debug|Any CPU.Build.0 = Debug|Any CPU
		{DB2B1100-66B9-44CD-869D-7C6135DAF62C}.Release|Any CPU.ActiveCfg = Release|Any CPU
		{DB2B1100-66B9-44CD-869D-7C6135DAF62C}.Release|Any CPU.Build.0 = Release|Any CPU
	EndGlobalSection
	GlobalSection(SolutionProperties) = preSolution
		HideSolutionNode = FALSE
	EndGlobalSection
	GlobalSection(ExtensibilityGlobals) = postSolution
		SolutionGuid = {E67241F2-0F64-45EF-B679-98AE1C75880A}
	EndGlobalSection
EndGlobal
